
Microsoft Visual Studio Solution File, Format Version 12.00
# Visual Studio Version 17
VisualStudioVersion = 17.11.35312.102
MinimumVisualStudioVersion = 10.0.40219.1
Project("{9A19103F-16F7-4668-BE54-9A1E7A4F7556}") = "API", "API\API.csproj", "{C8DE2544-DCF3-46B4-9F13-DE9A257A76EE}"
EndProject
Project("{9A19103F-16F7-4668-BE54-9A1E7A4F7556}") = "Models", "Models\Models.csproj", "{F8B0C866-E2C9-4644-94E0-E6ED738B5294}"
EndProject
Project("{9A19103F-16F7-4668-BE54-9A1E7A4F7556}") = "Core", "Core\Core.csproj", "{3BEC8246-1E1F-48C3-B6C1-3E4A51E18CF2}"
EndProject
Project("{FAE04EC0-301F-11D3-BF4B-00C04F79EFBC}") = "Proxy", "Proxy\Proxy.csproj", "{1147A07C-D1D9-426D-88E9-6962C6413D0C}"
EndProject
Global
	GlobalSection(SolutionConfigurationPlatforms) = preSolution
		Debug|Any CPU = Debug|Any CPU
		Release|Any CPU = Release|Any CPU
	EndGlobalSection
	GlobalSection(ProjectConfigurationPlatforms) = postSolution
		{C8DE2544-DCF3-46B4-9F13-DE9A257A76EE}.Debug|Any CPU.ActiveCfg = Debug|Any CPU
		{C8DE2544-DCF3-46B4-9F13-DE9A257A76EE}.Debug|Any CPU.Build.0 = Debug|Any CPU
		{C8DE2544-DCF3-46B4-9F13-DE9A257A76EE}.Release|Any CPU.ActiveCfg = Release|Any CPU
		{C8DE2544-DCF3-46B4-9F13-DE9A257A76EE}.Release|Any CPU.Build.0 = Release|Any CPU
		{F8B0C866-E2C9-4644-94E0-E6ED738B5294}.Debug|Any CPU.ActiveCfg = Debug|Any CPU
		{F8B0C866-E2C9-4644-94E0-E6ED738B5294}.Debug|Any CPU.Build.0 = Debug|Any CPU
		{F8B0C866-E2C9-4644-94E0-E6ED738B5294}.Release|Any CPU.ActiveCfg = Release|Any CPU
		{F8B0C866-E2C9-4644-94E0-E6ED738B5294}.Release|Any CPU.Build.0 = Release|Any CPU
		{3BEC8246-1E1F-48C3-B6C1-3E4A51E18CF2}.Debug|Any CPU.ActiveCfg = Debug|Any CPU
		{3BEC8246-1E1F-48C3-B6C1-3E4A51E18CF2}.Debug|Any CPU.Build.0 = Debug|Any CPU
		{3BEC8246-1E1F-48C3-B6C1-3E4A51E18CF2}.Release|Any CPU.ActiveCfg = Release|Any CPU
		{3BEC8246-1E1F-48C3-B6C1-3E4A51E18CF2}.Release|Any CPU.Build.0 = Release|Any CPU
		{1147A07C-D1D9-426D-88E9-6962C6413D0C}.Debug|Any CPU.ActiveCfg = Debug|Any CPU
		{1147A07C-D1D9-426D-88E9-6962C6413D0C}.Debug|Any CPU.Build.0 = Debug|Any CPU
		{1147A07C-D1D9-426D-88E9-6962C6413D0C}.Release|Any CPU.ActiveCfg = Release|Any CPU
		{1147A07C-D1D9-426D-88E9-6962C6413D0C}.Release|Any CPU.Build.0 = Release|Any CPU
	EndGlobalSection
	GlobalSection(SolutionProperties) = preSolution
		HideSolutionNode = FALSE
	EndGlobalSection
	GlobalSection(ExtensibilityGlobals) = postSolution
		SolutionGuid = {A30B4A76-9D53-4D5C-9400-0DC1CECD9436}
	EndGlobalSection
EndGlobal
